
Microsoft Visual Studio Solution File, Format Version 12.00
# Visual Studio Version 17
VisualStudioVersion = 17.0.31612.314
MinimumVisualStudioVersion = 10.0.40219.1
Project("{FAE04EC0-301F-11D3-BF4B-00C04F79EFBC}") = "KLTest", "KLTest\KLTest.csproj", "{89736589-E0E0-40A0-A122-1886D052400C}"
EndProject
Global
	GlobalSection(SolutionConfigurationPlatforms) = preSolution
		Debug|Any CPU = Debug|Any CPU
		Release|Any CPU = Release|Any CPU
	EndGlobalSection
	GlobalSection(ProjectConfigurationPlatforms) = postSolution
		{89736589-E0E0-40A0-A122-1886D052400C}.Debug|Any CPU.ActiveCfg = Debug|Any CPU
		{89736589-E0E0-40A0-A122-1886D052400C}.Debug|Any CPU.Build.0 = Debug|Any CPU
		{89736589-E0E0-40A0-A122-1886D052400C}.Release|Any CPU.ActiveCfg = Release|Any CPU
		{89736589-E0E0-40A0-A122-1886D052400C}.Release|Any CPU.Build.0 = Release|Any CPU
	EndGlobalSection
	GlobalSection(SolutionProperties) = preSolution
		HideSolutionNode = FALSE
	EndGlobalSection
	GlobalSection(ExtensibilityGlobals) = postSolution
		SolutionGuid = {B1CFE129-EC7B-4D78-BB8A-E17E6DEE5734}
	EndGlobalSection
EndGlobal
